PODS:
  - Alamofire (4.9.1)
  - Differentiator (4.0.1)
  - HandyJSON (5.0.1)
  - MJRefresh (3.2.2)
  - ObjectMapper (3.5.1)
  - RxAlamofire (5.1.0):
    - RxAlamofire/Core (= 5.1.0)
  - RxAlamofire/Core (5.1.0):
    - Alamofire (~> 4.8)
    - RxSwift (~> 5.0)
  - RxCocoa (5.0.1):
    - RxRelay (~> 5)
    - RxSwift (~> 5)
  - RxDataSources (4.0.1):
    - Differentiator (~> 4.0)
    - RxCocoa (~> 5.0)
    - RxSwift (~> 5.0)
  - RxRelay (5.0.1):
    - RxSwift (~> 5)
  - RxSwift (5.0.1)
  - SVProgressHUD (2.2.5)

DEPENDENCIES:
  - HandyJSON
  - MJRefresh
  - ObjectMapper
  - RxAlamofire
  - RxCocoa
  - RxDataSources
  - RxSwift
  - SVProgressHUD (~> 2.2.5)

SPEC REPOS:
  trunk:
    - Alamofire
    - Differentiator
    - HandyJSON
    - MJRefresh
    - ObjectMapper
    - RxAlamofire
    - RxCocoa
    - RxDataSources
    - RxRelay
    - RxSwift
    - SVProgressHUD

SPEC CHECKSUMS:
  Alamofire: 85e8a02c69d6020a0d734f6054870d7ecb75cf18
  Differentiator: 886080237d9f87f322641dedbc5be257061b0602
  HandyJSON: d45b8415c501e3affc59ca9762c1197ff0feb646
  MJRefresh: 72a46ecaa2a0feaf48fc5198dff95f25f8bb27c6
  ObjectMapper: 70187b8941977c62ccfb423caf6b50be405cabf0
  RxAlamofire: a2d7621de4c23a0c6e7b476b504acc32838ee341
  RxCocoa: e741b9749968e8a143e2b787f1dfbff2b63d0a5c
  RxDataSources: efee07fa4de48477eca0a4611e6d11e2da9c1114
  RxRelay: 89d54507f4fd4d969e6ec1d4bd7f3673640b4640
  RxSwift: e2dc62b366a3adf6a0be44ba9f405efd4c94e0c4
  SVProgressHUD: 1428aafac632c1f86f62aa4243ec12008d7a51d6

PODFILE CHECKSUM: d330577b89fadc373510e50ca037dd6c0c303be5

COCOAPODS: 1.8.4
