// !$*UTF8*$!
{
	archiveVersion = 1;
	classes = {
	};
	objectVersion = 50;
	objects = {

/* Begin PBXBuildFile section */
		8849E63120901096003632BD /* ZJGetCurrentVC.swift in Sources */ = {isa = PBXBuildFile; fileRef = 8849E63020901096003632BD /* ZJGetCurrentVC.swift */; };
		8849E6332090338A003632BD /* ZJClockView.swift in Sources */ = {isa = PBXBuildFile; fileRef = 8849E6322090338A003632BD /* ZJClockView.swift */; };
		8849E635209056BD003632BD /* ZJOperateViewController.swift in Sources */ = {isa = PBXBuildFile; fileRef = 8849E634209056BD003632BD /* ZJOperateViewController.swift */; };
		8849E63720905CB6003632BD /* ZJPhotoLibrary-Rx.swift in Sources */ = {isa = PBXBuildFile; fileRef = 8849E63620905CB6003632BD /* ZJPhotoLibrary-Rx.swift */; };
		885B0094209171EF004F40E7 /* ZJStudentModel.swift in Sources */ = {isa = PBXBuildFile; fileRef = 885B0093209171EF004F40E7 /* ZJStudentModel.swift */; };
		885BC2DA209C339000EFBA9C /* DouBanModel.swift in Sources */ = {isa = PBXBuildFile; fileRef = 885BC2D9209C339000EFBA9C /* DouBanModel.swift */; };
		88640D6B209456EB00A35A00 /* ZJWeatherModel.swift in Sources */ = {isa = PBXBuildFile; fileRef = 88640D6A209456EB00A35A00 /* ZJWeatherModel.swift */; };
		8866853220AADFD7001CC4E0 /* ZJRequestForm.swift in Sources */ = {isa = PBXBuildFile; fileRef = 8866853120AADFD7001CC4E0 /* ZJRequestForm.swift */; };
		8866853620AAE6F2001CC4E0 /* ZJRxAlamofire.swift in Sources */ = {isa = PBXBuildFile; fileRef = 8866853520AAE6F2001CC4E0 /* ZJRxAlamofire.swift */; };
		888A68B1209AF5CB00DD2A4E /* ZJTableViewController.swift in Sources */ = {isa = PBXBuildFile; fileRef = 888A68B0209AF5CB00DD2A4E /* ZJTableViewController.swift */; };
		888EB2DB208F0360004462A3 /* AppDelegate.swift in Sources */ = {isa = PBXBuildFile; fileRef = 888EB2DA208F0360004462A3 /* AppDelegate.swift */; };
		888EB2DD208F0360004462A3 /* ViewController.swift in Sources */ = {isa = PBXBuildFile; fileRef = 888EB2DC208F0360004462A3 /* ViewController.swift */; };
		888EB2E0208F0360004462A3 /* Main.storyboard in Resources */ = {isa = PBXBuildFile; fileRef = 888EB2DE208F0360004462A3 /* Main.storyboard */; };
		888EB2E2208F0361004462A3 /* Assets.xcassets in Resources */ = {isa = PBXBuildFile; fileRef = 888EB2E1208F0361004462A3 /* Assets.xcassets */; };
		888EB2E5208F0361004462A3 /* LaunchScreen.storyboard in Resources */ = {isa = PBXBuildFile; fileRef = 888EB2E3208F0361004462A3 /* LaunchScreen.storyboard */; };
		888EB2EE208F0504004462A3 /* ZJBaseViewController.swift in Sources */ = {isa = PBXBuildFile; fileRef = 888EB2ED208F0504004462A3 /* ZJBaseViewController.swift */; };
		888EB2F0208F07E1004462A3 /* ZJAddPhotoViewController.swift in Sources */ = {isa = PBXBuildFile; fileRef = 888EB2EF208F07E1004462A3 /* ZJAddPhotoViewController.swift */; };
		888EB2F4208F238C004462A3 /* ZJPhotoWrite.swift in Sources */ = {isa = PBXBuildFile; fileRef = 888EB2F3208F238C004462A3 /* ZJPhotoWrite.swift */; };
		888EB2F8208F313C004462A3 /* UIViewController-AlertExtension.swift in Sources */ = {isa = PBXBuildFile; fileRef = 888EB2F7208F313C004462A3 /* UIViewController-AlertExtension.swift */; };
		88A6F4E8209C3EA80000305F /* RxHandyJSON.swift in Sources */ = {isa = PBXBuildFile; fileRef = 88A6F4E7209C3EA80000305F /* RxHandyJSON.swift */; };
		88A6F4EC209C51930000305F /* MJRefresh+Rx.swift in Sources */ = {isa = PBXBuildFile; fileRef = 88A6F4EB209C51930000305F /* MJRefresh+Rx.swift */; };
		88E5906C209C5C46000C242A /* ZJShowDataModel.swift in Sources */ = {isa = PBXBuildFile; fileRef = 88E5906B209C5C46000C242A /* ZJShowDataModel.swift */; };
		D55EE92233BCC5B9A8E5EF31 /* Pods_LearnRxSwiftRoute.framework in Frameworks */ = {isa = PBXBuildFile; fileRef = 89F043377F4A903FD0ED838E /* Pods_LearnRxSwiftRoute.framework */; };
/* End PBXBuildFile section */

/* Begin PBXFileReference section */
		8849E63020901096003632BD /* ZJGetCurrentVC.swift */ = {isa = PBXFileReference; lastKnownFileType = sourcecode.swift; path = ZJGetCurrentVC.swift; sourceTree = "<group>"; };
		8849E6322090338A003632BD /* ZJClockView.swift */ = {isa = PBXFileReference; lastKnownFileType = sourcecode.swift; path = ZJClockView.swift; sourceTree = "<group>"; };
		8849E634209056BD003632BD /* ZJOperateViewController.swift */ = {isa = PBXFileReference; lastKnownFileType = sourcecode.swift; path = ZJOperateViewController.swift; sourceTree = "<group>"; };
		8849E63620905CB6003632BD /* ZJPhotoLibrary-Rx.swift */ = {isa = PBXFileReference; lastKnownFileType = sourcecode.swift; path = "ZJPhotoLibrary-Rx.swift"; sourceTree = "<group>"; };
		885B0093209171EF004F40E7 /* ZJStudentModel.swift */ = {isa = PBXFileReference; lastKnownFileType = sourcecode.swift; path = ZJStudentModel.swift; sourceTree = "<group>"; };
		885BC2D9209C339000EFBA9C /* DouBanModel.swift */ = {isa = PBXFileReference; lastKnownFileType = sourcecode.swift; path = DouBanModel.swift; sourceTree = "<group>"; };
		88640D68209444A300A35A00 /* RxSwift.playground */ = {isa = PBXFileReference; lastKnownFileType = file.playground; path = RxSwift.playground; sourceTree = "<group>"; xcLanguageSpecificationIdentifier = xcode.lang.swift; };
		88640D6A209456EB00A35A00 /* ZJWeatherModel.swift */ = {isa = PBXFileReference; lastKnownFileType = sourcecode.swift; path = ZJWeatherModel.swift; sourceTree = "<group>"; };
		8866853120AADFD7001CC4E0 /* ZJRequestForm.swift */ = {isa = PBXFileReference; lastKnownFileType = sourcecode.swift; path = ZJRequestForm.swift; sourceTree = "<group>"; };
		8866853520AAE6F2001CC4E0 /* ZJRxAlamofire.swift */ = {isa = PBXFileReference; lastKnownFileType = sourcecode.swift; path = ZJRxAlamofire.swift; sourceTree = "<group>"; };
		8875614C20ABD7DF00165F33 /* LearnRxSwiftRoute-Bridging-Header.h */ = {isa = PBXFileReference; lastKnownFileType = sourcecode.c.h; path = "LearnRxSwiftRoute-Bridging-Header.h"; sourceTree = "<group>"; };
		888A68B0209AF5CB00DD2A4E /* ZJTableViewController.swift */ = {isa = PBXFileReference; lastKnownFileType = sourcecode.swift; path = ZJTableViewController.swift; sourceTree = "<group>"; };
		888EB2D7208F0360004462A3 /* LearnRxSwiftRoute.app */ = {isa = PBXFileReference; explicitFileType = wrapper.application; includeInIndex = 0; path = LearnRxSwiftRoute.app; sourceTree = BUILT_PRODUCTS_DIR; };
		888EB2DA208F0360004462A3 /* AppDelegate.swift */ = {isa = PBXFileReference; lastKnownFileType = sourcecode.swift; path = AppDelegate.swift; sourceTree = "<group>"; };
		888EB2DC208F0360004462A3 /* ViewController.swift */ = {isa = PBXFileReference; lastKnownFileType = sourcecode.swift; path = ViewController.swift; sourceTree = "<group>"; };
		888EB2DF208F0360004462A3 /* Base */ = {isa = PBXFileReference; lastKnownFileType = file.storyboard; name = Base; path = Base.lproj/Main.storyboard; sourceTree = "<group>"; };
		888EB2E1208F0361004462A3 /* Assets.xcassets */ = {isa = PBXFileReference; lastKnownFileType = folder.assetcatalog; path = Assets.xcassets; sourceTree = "<group>"; };
		888EB2E4208F0361004462A3 /* Base */ = {isa = PBXFileReference; lastKnownFileType = file.storyboard; name = Base; path = Base.lproj/LaunchScreen.storyboard; sourceTree = "<group>"; };
		888EB2E6208F0361004462A3 /* Info.plist */ = {isa = PBXFileReference; lastKnownFileType = text.plist.xml; path = Info.plist; sourceTree = "<group>"; };
		888EB2ED208F0504004462A3 /* ZJBaseViewController.swift */ = {isa = PBXFileReference; lastKnownFileType = sourcecode.swift; path = ZJBaseViewController.swift; sourceTree = "<group>"; };
		888EB2EF208F07E1004462A3 /* ZJAddPhotoViewController.swift */ = {isa = PBXFileReference; lastKnownFileType = sourcecode.swift; path = ZJAddPhotoViewController.swift; sourceTree = "<group>"; };
		888EB2F3208F238C004462A3 /* ZJPhotoWrite.swift */ = {isa = PBXFileReference; lastKnownFileType = sourcecode.swift; path = ZJPhotoWrite.swift; sourceTree = "<group>"; };
		888EB2F7208F313C004462A3 /* UIViewController-AlertExtension.swift */ = {isa = PBXFileReference; lastKnownFileType = sourcecode.swift; path = "UIViewController-AlertExtension.swift"; sourceTree = "<group>"; };
		88A6F4E7209C3EA80000305F /* RxHandyJSON.swift */ = {isa = PBXFileReference; lastKnownFileType = sourcecode.swift; path = RxHandyJSON.swift; sourceTree = "<group>"; };
		88A6F4EB209C51930000305F /* MJRefresh+Rx.swift */ = {isa = PBXFileReference; lastKnownFileType = sourcecode.swift; path = "MJRefresh+Rx.swift"; sourceTree = "<group>"; };
		88E5906B209C5C46000C242A /* ZJShowDataModel.swift */ = {isa = PBXFileReference; lastKnownFileType = sourcecode.swift; path = ZJShowDataModel.swift; sourceTree = "<group>"; };
		89F043377F4A903FD0ED838E /* Pods_LearnRxSwiftRoute.framework */ = {isa = PBXFileReference; explicitFileType = wrapper.framework; includeInIndex = 0; path = Pods_LearnRxSwiftRoute.framework; sourceTree = BUILT_PRODUCTS_DIR; };
		D21ADBC868D6FFBB756A4BC9 /* Pods-LearnRxSwiftRoute.release.xcconfig */ = {isa = PBXFileReference; includeInIndex = 1; lastKnownFileType = text.xcconfig; name = "Pods-LearnRxSwiftRoute.release.xcconfig"; path = "Pods/Target Support Files/Pods-LearnRxSwiftRoute/Pods-LearnRxSwiftRoute.release.xcconfig"; sourceTree = "<group>"; };
		F64127452B4A87B32E2B468A /* Pods-LearnRxSwiftRoute.debug.xcconfig */ = {isa = PBXFileReference; includeInIndex = 1; lastKnownFileType = text.xcconfig; name = "Pods-LearnRxSwiftRoute.debug.xcconfig"; path = "Pods/Target Support Files/Pods-LearnRxSwiftRoute/Pods-LearnRxSwiftRoute.debug.xcconfig"; sourceTree = "<group>"; };
/* End PBXFileReference section */

/* Begin PBXFrameworksBuildPhase section */
		888EB2D4208F0360004462A3 /* Frameworks */ = {
			isa = PBXFrameworksBuildPhase;
			buildActionMask = 2147483647;
			files = (
				D55EE92233BCC5B9A8E5EF31 /* Pods_LearnRxSwiftRoute.framework in Frameworks */,
			);
			runOnlyForDeploymentPostprocessing = 0;
		};
/* End PBXFrameworksBuildPhase section */

/* Begin PBXGroup section */
		47EEDD1F87A2B8215E179BEA /* Frameworks */ = {
			isa = PBXGroup;
			children = (
				89F043377F4A903FD0ED838E /* Pods_LearnRxSwiftRoute.framework */,
			);
			name = Frameworks;
			sourceTree = "<group>";
		};
		6F0134AE573E7565F1FAED99 /* Pods */ = {
			isa = PBXGroup;
			children = (
				F64127452B4A87B32E2B468A /* Pods-LearnRxSwiftRoute.debug.xcconfig */,
				D21ADBC868D6FFBB756A4BC9 /* Pods-LearnRxSwiftRoute.release.xcconfig */,
			);
			name = Pods;
			sourceTree = "<group>";
		};
		8866853020AAD35A001CC4E0 /* RxAlamofireRequest */ = {
			isa = PBXGroup;
			children = (
				8866853120AADFD7001CC4E0 /* ZJRequestForm.swift */,
				8866853520AAE6F2001CC4E0 /* ZJRxAlamofire.swift */,
			);
			path = RxAlamofireRequest;
			sourceTree = "<group>";
		};
		888EB2CE208F0360004462A3 = {
			isa = PBXGroup;
			children = (
				888EB2D9208F0360004462A3 /* LearnRxSwiftRoute */,
				888EB2D8208F0360004462A3 /* Products */,
				6F0134AE573E7565F1FAED99 /* Pods */,
				47EEDD1F87A2B8215E179BEA /* Frameworks */,
			);
			sourceTree = "<group>";
		};
		888EB2D8208F0360004462A3 /* Products */ = {
			isa = PBXGroup;
			children = (
				888EB2D7208F0360004462A3 /* LearnRxSwiftRoute.app */,
			);
			name = Products;
			sourceTree = "<group>";
		};
		888EB2D9208F0360004462A3 /* LearnRxSwiftRoute */ = {
			isa = PBXGroup;
			children = (
				8866853020AAD35A001CC4E0 /* RxAlamofireRequest */,
				888EB2EC208F046F004462A3 /* BaseSubject */,
				888EB2DA208F0360004462A3 /* AppDelegate.swift */,
				888EB2DC208F0360004462A3 /* ViewController.swift */,
				888EB2DE208F0360004462A3 /* Main.storyboard */,
				888EB2E1208F0361004462A3 /* Assets.xcassets */,
				888EB2E3208F0361004462A3 /* LaunchScreen.storyboard */,
				888EB2E6208F0361004462A3 /* Info.plist */,
				888EB2EF208F07E1004462A3 /* ZJAddPhotoViewController.swift */,
				888EB2F3208F238C004462A3 /* ZJPhotoWrite.swift */,
				8849E6322090338A003632BD /* ZJClockView.swift */,
				8849E634209056BD003632BD /* ZJOperateViewController.swift */,
				8849E63620905CB6003632BD /* ZJPhotoLibrary-Rx.swift */,
				885B0093209171EF004F40E7 /* ZJStudentModel.swift */,
				88640D68209444A300A35A00 /* RxSwift.playground */,
				88640D6A209456EB00A35A00 /* ZJWeatherModel.swift */,
				888A68B0209AF5CB00DD2A4E /* ZJTableViewController.swift */,
				885BC2D9209C339000EFBA9C /* DouBanModel.swift */,
				88E5906B209C5C46000C242A /* ZJShowDataModel.swift */,
				8875614C20ABD7DF00165F33 /* LearnRxSwiftRoute-Bridging-Header.h */,
			);
			path = LearnRxSwiftRoute;
			sourceTree = "<group>";
		};
		888EB2EC208F046F004462A3 /* BaseSubject */ = {
			isa = PBXGroup;
			children = (
				888EB2ED208F0504004462A3 /* ZJBaseViewController.swift */,
				888EB2F7208F313C004462A3 /* UIViewController-AlertExtension.swift */,
				8849E63020901096003632BD /* ZJGetCurrentVC.swift */,
				88A6F4E7209C3EA80000305F /* RxHandyJSON.swift */,
				88A6F4EB209C51930000305F /* MJRefresh+Rx.swift */,
			);
			path = BaseSubject;
			sourceTree = "<group>";
		};
/* End PBXGroup section */

/* Begin PBXNativeTarget section */
		888EB2D6208F0360004462A3 /* LearnRxSwiftRoute */ = {
			isa = PBXNativeTarget;
			buildConfigurationList = 888EB2E9208F0361004462A3 /* Build configuration list for PBXNativeTarget "LearnRxSwiftRoute" */;
			buildPhases = (
				AA52A1627B41AD4F3EB2C0BA /* [CP] Check Pods Manifest.lock */,
				888EB2D3208F0360004462A3 /* Sources */,
				888EB2D4208F0360004462A3 /* Frameworks */,
				888EB2D5208F0360004462A3 /* Resources */,
				501ADE5B21B23F17AF51DEAC /* [CP] Embed Pods Frameworks */,
			);
			buildRules = (
			);
			dependencies = (
			);
			name = LearnRxSwiftRoute;
			productName = LearnRxSwiftRoute;
			productReference = 888EB2D7208F0360004462A3 /* LearnRxSwiftRoute.app */;
			productType = "com.apple.product-type.application";
		};
/* End PBXNativeTarget section */

/* Begin PBXProject section */
		888EB2CF208F0360004462A3 /* Project object */ = {
			isa = PBXProject;
			attributes = {
				CLASSPREFIX = ZJ;
				LastSwiftUpdateCheck = 0930;
				LastUpgradeCheck = 0930;
				ORGANIZATIONNAME = "张江";
				TargetAttributes = {
					888EB2D6208F0360004462A3 = {
						CreatedOnToolsVersion = 9.3;
						LastSwiftMigration = 0930;
					};
				};
			};
			buildConfigurationList = 888EB2D2208F0360004462A3 /* Build configuration list for PBXProject "LearnRxSwiftRoute" */;
			compatibilityVersion = "Xcode 9.3";
			developmentRegion = en;
			hasScannedForEncodings = 0;
			knownRegions = (
				en,
				Base,
			);
			mainGroup = 888EB2CE208F0360004462A3;
			productRefGroup = 888EB2D8208F0360004462A3 /* Products */;
			projectDirPath = "";
			projectRoot = "";
			targets = (
				888EB2D6208F0360004462A3 /* LearnRxSwiftRoute */,
			);
		};
/* End PBXProject section */

/* Begin PBXResourcesBuildPhase section */
		888EB2D5208F0360004462A3 /* Resources */ = {
			isa = PBXResourcesBuildPhase;
			buildActionMask = 2147483647;
			files = (
				888EB2E5208F0361004462A3 /* LaunchScreen.storyboard in Resources */,
				888EB2E2208F0361004462A3 /* Assets.xcassets in Resources */,
				888EB2E0208F0360004462A3 /* Main.storyboard in Resources */,
			);
			runOnlyForDeploymentPostprocessing = 0;
		};
/* End PBXResourcesBuildPhase section */

/* Begin PBXShellScriptBuildPhase section */
		501ADE5B21B23F17AF51DEAC /* [CP] Embed Pods Frameworks */ = {
			isa = PBXShellScriptBuildPhase;
			buildActionMask = 2147483647;
			files = (
			);
			inputPaths = (
				"${SRCROOT}/Pods/Target Support Files/Pods-LearnRxSwiftRoute/Pods-LearnRxSwiftRoute-frameworks.sh",
				"${BUILT_PRODUCTS_DIR}/Alamofire/Alamofire.framework",
				"${BUILT_PRODUCTS_DIR}/Differentiator/Differentiator.framework",
				"${BUILT_PRODUCTS_DIR}/HandyJSON/HandyJSON.framework",
				"${BUILT_PRODUCTS_DIR}/MJRefresh/MJRefresh.framework",
				"${BUILT_PRODUCTS_DIR}/ObjectMapper/ObjectMapper.framework",
				"${BUILT_PRODUCTS_DIR}/RxAlamofire/RxAlamofire.framework",
				"${BUILT_PRODUCTS_DIR}/RxCocoa/RxCocoa.framework",
				"${BUILT_PRODUCTS_DIR}/RxDataSources/RxDataSources.framework",
				"${BUILT_PRODUCTS_DIR}/RxSwift/RxSwift.framework",
				"${BUILT_PRODUCTS_DIR}/SVProgressHUD/SVProgressHUD.framework",
			);
			name = "[CP] Embed Pods Frameworks";
			outputPaths = (
				"${TARGET_BUILD_DIR}/${FRAMEWORKS_FOLDER_PATH}/Alamofire.framework",
				"${TARGET_BUILD_DIR}/${FRAMEWORKS_FOLDER_PATH}/Differentiator.framework",
				"${TARGET_BUILD_DIR}/${FRAMEWORKS_FOLDER_PATH}/HandyJSON.framework",
				"${TARGET_BUILD_DIR}/${FRAMEWORKS_FOLDER_PATH}/MJRefresh.framework",
				"${TARGET_BUILD_DIR}/${FRAMEWORKS_FOLDER_PATH}/ObjectMapper.framework",
				"${TARGET_BUILD_DIR}/${FRAMEWORKS_FOLDER_PATH}/RxAlamofire.framework",
				"${TARGET_BUILD_DIR}/${FRAMEWORKS_FOLDER_PATH}/RxCocoa.framework",
				"${TARGET_BUILD_DIR}/${FRAMEWORKS_FOLDER_PATH}/RxDataSources.framework",
				"${TARGET_BUILD_DIR}/${FRAMEWORKS_FOLDER_PATH}/RxSwift.framework",
				"${TARGET_BUILD_DIR}/${FRAMEWORKS_FOLDER_PATH}/SVProgressHUD.framework",
			);
			runOnlyForDeploymentPostprocessing = 0;
			shellPath = /bin/sh;
			shellScript = "\"${SRCROOT}/Pods/Target Support Files/Pods-LearnRxSwiftRoute/Pods-LearnRxSwiftRoute-frameworks.sh\"\n";
			showEnvVarsInLog = 0;
		};
		AA52A1627B41AD4F3EB2C0BA /* [CP] Check Pods Manifest.lock */ = {
			isa = PBXShellScriptBuildPhase;
			buildActionMask = 2147483647;
			files = (
			);
			inputPaths = (
				"${PODS_PODFILE_DIR_PATH}/Podfile.lock",
				"${PODS_ROOT}/Manifest.lock",
			);
			name = "[CP] Check Pods Manifest.lock";
			outputPaths = (
				"$(DERIVED_FILE_DIR)/Pods-LearnRxSwiftRoute-checkManifestLockResult.txt",
			);
			runOnlyForDeploymentPostprocessing = 0;
			shellPath = /bin/sh;
			shellScript = "diff \"${PODS_PODFILE_DIR_PATH}/Podfile.lock\" \"${PODS_ROOT}/Manifest.lock\" > /dev/null\nif [ $? != 0 ] ; then\n    # print error to STDERR\n    echo \"error: The sandbox is not in sync with the Podfile.lock. Run 'pod install' or update your CocoaPods installation.\" >&2\n    exit 1\nfi\n# This output is used by Xcode 'outputs' to avoid re-running this script phase.\necho \"SUCCESS\" > \"${SCRIPT_OUTPUT_FILE_0}\"\n";
			showEnvVarsInLog = 0;
		};
/* End PBXShellScriptBuildPhase section */

/* Begin PBXSourcesBuildPhase section */
		888EB2D3208F0360004462A3 /* Sources */ = {
			isa = PBXSourcesBuildPhase;
			buildActionMask = 2147483647;
			files = (
				888EB2EE208F0504004462A3 /* ZJBaseViewController.swift in Sources */,
				8849E63720905CB6003632BD /* ZJPhotoLibrary-Rx.swift in Sources */,
				888EB2DD208F0360004462A3 /* ViewController.swift in Sources */,
				885BC2DA209C339000EFBA9C /* DouBanModel.swift in Sources */,
				88A6F4E8209C3EA80000305F /* RxHandyJSON.swift in Sources */,
				888EB2DB208F0360004462A3 /* AppDelegate.swift in Sources */,
				888EB2F0208F07E1004462A3 /* ZJAddPhotoViewController.swift in Sources */,
				8849E635209056BD003632BD /* ZJOperateViewController.swift in Sources */,
				88A6F4EC209C51930000305F /* MJRefresh+Rx.swift in Sources */,
				888EB2F4208F238C004462A3 /* ZJPhotoWrite.swift in Sources */,
				888A68B1209AF5CB00DD2A4E /* ZJTableViewController.swift in Sources */,
				8849E6332090338A003632BD /* ZJClockView.swift in Sources */,
				888EB2F8208F313C004462A3 /* UIViewController-AlertExtension.swift in Sources */,
				8849E63120901096003632BD /* ZJGetCurrentVC.swift in Sources */,
				88E5906C209C5C46000C242A /* ZJShowDataModel.swift in Sources */,
				8866853620AAE6F2001CC4E0 /* ZJRxAlamofire.swift in Sources */,
				8866853220AADFD7001CC4E0 /* ZJRequestForm.swift in Sources */,
				88640D6B209456EB00A35A00 /* ZJWeatherModel.swift in Sources */,
				885B0094209171EF004F40E7 /* ZJStudentModel.swift in Sources */,
			);
			runOnlyForDeploymentPostprocessing = 0;
		};
/* End PBXSourcesBuildPhase section */

/* Begin PBXVariantGroup section */
		888EB2DE208F0360004462A3 /* Main.storyboard */ = {
			isa = PBXVariantGroup;
			children = (
				888EB2DF208F0360004462A3 /* Base */,
			);
			name = Main.storyboard;
			sourceTree = "<group>";
		};
		888EB2E3208F0361004462A3 /* LaunchScreen.storyboard */ = {
			isa = PBXVariantGroup;
			children = (
				888EB2E4208F0361004462A3 /* Base */,
			);
			name = LaunchScreen.storyboard;
			sourceTree = "<group>";
		};
/* End PBXVariantGroup section */

/* Begin XCBuildConfiguration section */
		888EB2E7208F0361004462A3 /* Debug */ = {
			isa = XCBuildConfiguration;
			buildSettings = {
				ALWAYS_SEARCH_USER_PATHS = NO;
				CLANG_ANALYZER_NONNULL = YES;
				CLANG_ANALYZER_NUMBER_OBJECT_CONVERSION = YES_AGGRESSIVE;
				CLANG_CXX_LANGUAGE_STANDARD = "gnu++14";
				CLANG_CXX_LIBRARY = "libc++";
				CLANG_ENABLE_MODULES = YES;
				CLANG_ENABLE_OBJC_ARC = YES;
				CLANG_ENABLE_OBJC_WEAK = YES;
				CLANG_WARN_BLOCK_CAPTURE_AUTORELEASING = YES;
				CLANG_WARN_BOOL_CONVERSION = YES;
				CLANG_WARN_COMMA = YES;
				CLANG_WARN_CONSTANT_CONVERSION = YES;
				CLANG_WARN_DEPRECATED_OBJC_IMPLEMENTATIONS = YES;
				CLANG_WARN_DIRECT_OBJC_ISA_USAGE = YES_ERROR;
				CLANG_WARN_DOCUMENTATION_COMMENTS = YES;
				CLANG_WARN_EMPTY_BODY = YES;
				CLANG_WARN_ENUM_CONVERSION = YES;
				CLANG_WARN_INFINITE_RECURSION = YES;
				CLANG_WARN_INT_CONVERSION = YES;
				CLANG_WARN_NON_LITERAL_NULL_CONVERSION = YES;
				CLANG_WARN_OBJC_IMPLICIT_RETAIN_SELF = YES;
				CLANG_WARN_OBJC_LITERAL_CONVERSION = YES;
				CLANG_WARN_OBJC_ROOT_CLASS = YES_ERROR;
				CLANG_WARN_RANGE_LOOP_ANALYSIS = YES;
				CLANG_WARN_STRICT_PROTOTYPES = YES;
				CLANG_WARN_SUSPICIOUS_MOVE = YES;
				CLANG_WARN_UNGUARDED_AVAILABILITY = YES_AGGRESSIVE;
				CLANG_WARN_UNREACHABLE_CODE = YES;
				CLANG_WARN__DUPLICATE_METHOD_MATCH = YES;
				CODE_SIGN_IDENTITY = "iPhone Developer";
				COPY_PHASE_STRIP = NO;
				DEBUG_INFORMATION_FORMAT = dwarf;
				ENABLE_STRICT_OBJC_MSGSEND = YES;
				ENABLE_TESTABILITY = YES;
				GCC_C_LANGUAGE_STANDARD = gnu11;
				GCC_DYNAMIC_NO_PIC = NO;
				GCC_NO_COMMON_BLOCKS = YES;
				GCC_OPTIMIZATION_LEVEL = 0;
				GCC_PREPROCESSOR_DEFINITIONS = (
					"DEBUG=1",
					"$(inherited)",
				);
				GCC_WARN_64_TO_32_BIT_CONVERSION = YES;
				GCC_WARN_ABOUT_RETURN_TYPE = YES_ERROR;
				GCC_WARN_UNDECLARED_SELECTOR = YES;
				GCC_WARN_UNINITIALIZED_AUTOS = YES_AGGRESSIVE;
				GCC_WARN_UNUSED_FUNCTION = YES;
				GCC_WARN_UNUSED_VARIABLE = YES;
				IPHONEOS_DEPLOYMENT_TARGET = 11.3;
				MTL_ENABLE_DEBUG_INFO = YES;
				ONLY_ACTIVE_ARCH = YES;
				SDKROOT = iphoneos;
				SWIFT_ACTIVE_COMPILATION_CONDITIONS = DEBUG;
				SWIFT_OPTIMIZATION_LEVEL = "-Onone";
			};
			name = Debug;
		};
		888EB2E8208F0361004462A3 /* Release */ = {
			isa = XCBuildConfiguration;
			buildSettings = {
				ALWAYS_SEARCH_USER_PATHS = NO;
				CLANG_ANALYZER_NONNULL = YES;
				CLANG_ANALYZER_NUMBER_OBJECT_CONVERSION = YES_AGGRESSIVE;
				CLANG_CXX_LANGUAGE_STANDARD = "gnu++14";
				CLANG_CXX_LIBRARY = "libc++";
				CLANG_ENABLE_MODULES = YES;
				CLANG_ENABLE_OBJC_ARC = YES;
				CLANG_ENABLE_OBJC_WEAK = YES;
				CLANG_WARN_BLOCK_CAPTURE_AUTORELEASING = YES;
				CLANG_WARN_BOOL_CONVERSION = YES;
				CLANG_WARN_COMMA = YES;
				CLANG_WARN_CONSTANT_CONVERSION = YES;
				CLANG_WARN_DEPRECATED_OBJC_IMPLEMENTATIONS = YES;
				CLANG_WARN_DIRECT_OBJC_ISA_USAGE = YES_ERROR;
				CLANG_WARN_DOCUMENTATION_COMMENTS = YES;
				CLANG_WARN_EMPTY_BODY = YES;
				CLANG_WARN_ENUM_CONVERSION = YES;
				CLANG_WARN_INFINITE_RECURSION = YES;
				CLANG_WARN_INT_CONVERSION = YES;
				CLANG_WARN_NON_LITERAL_NULL_CONVERSION = YES;
				CLANG_WARN_OBJC_IMPLICIT_RETAIN_SELF = YES;
				CLANG_WARN_OBJC_LITERAL_CONVERSION = YES;
				CLANG_WARN_OBJC_ROOT_CLASS = YES_ERROR;
				CLANG_WARN_RANGE_LOOP_ANALYSIS = YES;
				CLANG_WARN_STRICT_PROTOTYPES = YES;
				CLANG_WARN_SUSPICIOUS_MOVE = YES;
				CLANG_WARN_UNGUARDED_AVAILABILITY = YES_AGGRESSIVE;
				CLANG_WARN_UNREACHABLE_CODE = YES;
				CLANG_WARN__DUPLICATE_METHOD_MATCH = YES;
				CODE_SIGN_IDENTITY = "iPhone Developer";
				COPY_PHASE_STRIP = NO;
				DEBUG_INFORMATION_FORMAT = "dwarf-with-dsym";
				ENABLE_NS_ASSERTIONS = NO;
				ENABLE_STRICT_OBJC_MSGSEND = YES;
				GCC_C_LANGUAGE_STANDARD = gnu11;
				GCC_NO_COMMON_BLOCKS = YES;
				GCC_WARN_64_TO_32_BIT_CONVERSION = YES;
				GCC_WARN_ABOUT_RETURN_TYPE = YES_ERROR;
				GCC_WARN_UNDECLARED_SELECTOR = YES;
				GCC_WARN_UNINITIALIZED_AUTOS = YES_AGGRESSIVE;
				GCC_WARN_UNUSED_FUNCTION = YES;
				GCC_WARN_UNUSED_VARIABLE = YES;
				IPHONEOS_DEPLOYMENT_TARGET = 11.3;
				MTL_ENABLE_DEBUG_INFO = NO;
				SDKROOT = iphoneos;
				SWIFT_COMPILATION_MODE = wholemodule;
				SWIFT_OPTIMIZATION_LEVEL = "-O";
				VALIDATE_PRODUCT = YES;
			};
			name = Release;
		};
		888EB2EA208F0361004462A3 /* Debug */ = {
			isa = XCBuildConfiguration;
			baseConfigurationReference = F64127452B4A87B32E2B468A /* Pods-LearnRxSwiftRoute.debug.xcconfig */;
			buildSettings = {
				ASSETCATALOG_COMPILER_APPICON_NAME = AppIcon;
				CLANG_ENABLE_MODULES = YES;
				CODE_SIGN_STYLE = Automatic;
				DEVELOPMENT_TEAM = CLFR894M64;
				INFOPLIST_FILE = LearnRxSwiftRoute/Info.plist;
				LD_RUNPATH_SEARCH_PATHS = "$(inherited) @executable_path/Frameworks";
				PRODUCT_BUNDLE_IDENTIFIER = com.zitang.LearnRxSwiftRoute;
				PRODUCT_NAME = "$(TARGET_NAME)";
				SWIFT_OBJC_BRIDGING_HEADER = "LearnRxSwiftRoute/LearnRxSwiftRoute-Bridging-Header.h";
				SWIFT_OPTIMIZATION_LEVEL = "-Onone";
				SWIFT_VERSION = 4.0;
				TARGETED_DEVICE_FAMILY = "1,2";
			};
			name = Debug;
		};
		888EB2EB208F0361004462A3 /* Release */ = {
			isa = XCBuildConfiguration;
			baseConfigurationReference = D21ADBC868D6FFBB756A4BC9 /* Pods-LearnRxSwiftRoute.release.xcconfig */;
			buildSettings = {
				ASSETCATALOG_COMPILER_APPICON_NAME = AppIcon;
				CLANG_ENABLE_MODULES = YES;
				CODE_SIGN_STYLE = Automatic;
				DEVELOPMENT_TEAM = CLFR894M64;
				INFOPLIST_FILE = LearnRxSwiftRoute/Info.plist;
				LD_RUNPATH_SEARCH_PATHS = "$(inherited) @executable_path/Frameworks";
				PRODUCT_BUNDLE_IDENTIFIER = com.zitang.LearnRxSwiftRoute;
				PRODUCT_NAME = "$(TARGET_NAME)";
				SWIFT_OBJC_BRIDGING_HEADER = "LearnRxSwiftRoute/LearnRxSwiftRoute-Bridging-Header.h";
				SWIFT_VERSION = 4.0;
				TARGETED_DEVICE_FAMILY = "1,2";
			};
			name = Release;
		};
/* End XCBuildConfiguration section */

/* Begin XCConfigurationList section */
		888EB2D2208F0360004462A3 /* Build configuration list for PBXProject "LearnRxSwiftRoute" */ = {
			isa = XCConfigurationList;
			buildConfigurations = (
				888EB2E7208F0361004462A3 /* Debug */,
				888EB2E8208F0361004462A3 /* Release */,
			);
			defaultConfigurationIsVisible = 0;
			defaultConfigurationName = Release;
		};
		888EB2E9208F0361004462A3 /* Build configuration list for PBXNativeTarget "LearnRxSwiftRoute" */ = {
			isa = XCConfigurationList;
			buildConfigurations = (
				888EB2EA208F0361004462A3 /* Debug */,
				888EB2EB208F0361004462A3 /* Release */,
			);
			defaultConfigurationIsVisible = 0;
			defaultConfigurationName = Release;
		};
/* End XCConfigurationList section */
	};
	rootObject = 888EB2CF208F0360004462A3 /* Project object */;
}
